
Microsoft Visual Studio Solution File, Format Version 12.00
# Visual Studio 2013
VisualStudioVersion = 12.0.0.0
MinimumVisualStudioVersion = 10.0.0.1
Project("{FAE04EC0-301F-11D3-BF4B-00C04F79EFBC}") = "Athena", "Athena\Athena.csproj", "{2F488004-813A-4CBD-938A-4A7FC60BFE98}"
EndProject
Project("{FAE04EC0-301F-11D3-BF4B-00C04F79EFBC}") = "Athena.Web", "Athena.Web\Athena.Web.csproj", "{D9D59CE3-7130-411A-9005-EC4B3CEE5024}"
EndProject
Project("{FAE04EC0-301F-11D3-BF4B-00C04F79EFBC}") = "Athena.Web.Sample", "Athena.Web.Sample\Athena.Web.Sample.csproj", "{F7244634-BDBE-4B64-806C-11B3C6F8699F}"
EndProject
Project("{20189AE2-F4E2-40A3-B4DB-52412603CDDB}") = "Athena.Consul", "Athena.Consul\Athena.Consul.csproj", "{0C8EA6DA-6F90-4E9E-8A0E-263FFA36A5F1}"
EndProject
Project("{EE5772EC-446C-4EEC-879B-DF685B94BDA5}") = "Athena.EventStore", "Athena.EventStore\Athena.EventStore.csproj", "{4D0CA716-660D-42A1-9A59-7B084AAD09B4}"
EndProject
Global
	GlobalSection(SolutionConfigurationPlatforms) = preSolution
		Debug|Any CPU = Debug|Any CPU
		Release|Any CPU = Release|Any CPU
	EndGlobalSection
	GlobalSection(ProjectConfigurationPlatforms) = postSolution
		{2F488004-813A-4CBD-938A-4A7FC60BFE98}.Debug|Any CPU.ActiveCfg = Debug|Any CPU
		{2F488004-813A-4CBD-938A-4A7FC60BFE98}.Debug|Any CPU.Build.0 = Debug|Any CPU
		{2F488004-813A-4CBD-938A-4A7FC60BFE98}.Release|Any CPU.ActiveCfg = Release|Any CPU
		{2F488004-813A-4CBD-938A-4A7FC60BFE98}.Release|Any CPU.Build.0 = Release|Any CPU
		{D9D59CE3-7130-411A-9005-EC4B3CEE5024}.Debug|Any CPU.ActiveCfg = Debug|Any CPU
		{D9D59CE3-7130-411A-9005-EC4B3CEE5024}.Debug|Any CPU.Build.0 = Debug|Any CPU
		{D9D59CE3-7130-411A-9005-EC4B3CEE5024}.Release|Any CPU.ActiveCfg = Release|Any CPU
		{D9D59CE3-7130-411A-9005-EC4B3CEE5024}.Release|Any CPU.Build.0 = Release|Any CPU
		{F7244634-BDBE-4B64-806C-11B3C6F8699F}.Debug|Any CPU.ActiveCfg = Debug|Any CPU
		{F7244634-BDBE-4B64-806C-11B3C6F8699F}.Debug|Any CPU.Build.0 = Debug|Any CPU
		{F7244634-BDBE-4B64-806C-11B3C6F8699F}.Release|Any CPU.ActiveCfg = Release|Any CPU
		{F7244634-BDBE-4B64-806C-11B3C6F8699F}.Release|Any CPU.Build.0 = Release|Any CPU
		{0C8EA6DA-6F90-4E9E-8A0E-263FFA36A5F1}.Debug|Any CPU.ActiveCfg = Debug|Any CPU
		{0C8EA6DA-6F90-4E9E-8A0E-263FFA36A5F1}.Debug|Any CPU.Build.0 = Debug|Any CPU
		{0C8EA6DA-6F90-4E9E-8A0E-263FFA36A5F1}.Release|Any CPU.ActiveCfg = Release|Any CPU
		{0C8EA6DA-6F90-4E9E-8A0E-263FFA36A5F1}.Release|Any CPU.Build.0 = Release|Any CPU
		{4D0CA716-660D-42A1-9A59-7B084AAD09B4}.Debug|Any CPU.ActiveCfg = Debug|Any CPU
		{4D0CA716-660D-42A1-9A59-7B084AAD09B4}.Debug|Any CPU.Build.0 = Debug|Any CPU
		{4D0CA716-660D-42A1-9A59-7B084AAD09B4}.Release|Any CPU.ActiveCfg = Release|Any CPU
		{4D0CA716-660D-42A1-9A59-7B084AAD09B4}.Release|Any CPU.Build.0 = Release|Any CPU
	EndGlobalSection
	GlobalSection(SolutionProperties) = preSolution
		HideSolutionNode = FALSE
	EndGlobalSection
EndGlobal
